
Microsoft Visual Studio Solution File, Format Version 12.00
# Visual Studio Version 17
VisualStudioVersion = 17.7.34202.233
MinimumVisualStudioVersion = 10.0.40219.1
Project("{8BC9CEB8-8B4A-11D0-8D11-00A0C91BC942}") = "5.5", "5.5\5.5.vcxproj", "{0545549A-E100-4F4E-8DD2-18C3D19AC6AD}"
EndProject
Global
	GlobalSection(SolutionConfigurationPlatforms) = preSolution
		Debug|x64 = Debug|x64
		Debug|x86 = Debug|x86
		Release|x64 = Release|x64
		Release|x86 = Release|x86
	EndGlobalSection
	GlobalSection(ProjectConfigurationPlatforms) = postSolution
		{0545549A-E100-4F4E-8DD2-18C3D19AC6AD}.Debug|x64.ActiveCfg = Debug|x64
		{0545549A-E100-4F4E-8DD2-18C3D19AC6AD}.Debug|x64.Build.0 = Debug|x64
		{0545549A-E100-4F4E-8DD2-18C3D19AC6AD}.Debug|x86.ActiveCfg = Debug|Win32
		{0545549A-E100-4F4E-8DD2-18C3D19AC6AD}.Debug|x86.Build.0 = Debug|Win32
		{0545549A-E100-4F4E-8DD2-18C3D19AC6AD}.Release|x64.ActiveCfg = Release|x64
		{0545549A-E100-4F4E-8DD2-18C3D19AC6AD}.Release|x64.Build.0 = Release|x64
		{0545549A-E100-4F4E-8DD2-18C3D19AC6AD}.Release|x86.ActiveCfg = Release|Win32
		{0545549A-E100-4F4E-8DD2-18C3D19AC6AD}.Release|x86.Build.0 = Release|Win32
	EndGlobalSection
	GlobalSection(SolutionProperties) = preSolution
		HideSolutionNode = FALSE
	EndGlobalSection
	GlobalSection(ExtensibilityGlobals) = postSolution
		SolutionGuid = {D7E93427-26FE-48A4-9B5F-F038AA4B7D7E}
	EndGlobalSection
EndGlobal
